// !$*UTF8*$!
{
	archiveVersion = 1;
	classes = {
	};
	objectVersion = 46;
	objects = {

/* Begin PBXBuildFile section */
		DCB2E4981C3CF95800CA6199 /* AppDelegate.swift in Sources */ = {isa = PBXBuildFile; fileRef = DCB2E4971C3CF95800CA6199 /* AppDelegate.swift */; };
		DCB2E49A1C3CF95800CA6199 /* ViewController.swift in Sources */ = {isa = PBXBuildFile; fileRef = DCB2E4991C3CF95800CA6199 /* ViewController.swift */; };
		DCB2E49D1C3CF95800CA6199 /* Main.storyboard in Resources */ = {isa = PBXBuildFile; fileRef = DCB2E49B1C3CF95800CA6199 /* Main.storyboard */; };
		DCB2E49F1C3CF95800CA6199 /* Assets.xcassets in Resources */ = {isa = PBXBuildFile; fileRef = DCB2E49E1C3CF95800CA6199 /* Assets.xcassets */; };
		DCB2E4A21C3CF95800CA6199 /* LaunchScreen.storyboard in Resources */ = {isa = PBXBuildFile; fileRef = DCB2E4A01C3CF95800CA6199 /* LaunchScreen.storyboard */; };
/* End PBXBuildFile section */

/* Begin PBXFileReference section */
		DCB2E4941C3CF95800CA6199 /* 连带动画UISanpBehavior-Swift.app */ = {isa = PBXFileReference; explicitFileType = wrapper.application; includeInIndex = 0; path = "连带动画UISanpBehavior-Swift.app"; sourceTree = BUILT_PRODUCTS_DIR; };
		DCB2E4971C3CF95800CA6199 /* AppDelegate.swift */ = {isa = PBXFileReference; lastKnownFileType = sourcecode.swift; path = AppDelegate.swift; sourceTree = "<group>"; };
		DCB2E4991C3CF95800CA6199 /* ViewController.swift */ = {isa = PBXFileReference; lastKnownFileType = sourcecode.swift; path = ViewController.swift; sourceTree = "<group>"; };
		DCB2E49C1C3CF95800CA6199 /* Base */ = {isa = PBXFileReference; lastKnownFileType = file.storyboard; name = Base; path = Base.lproj/Main.storyboard; sourceTree = "<group>"; };
		DCB2E49E1C3CF95800CA6199 /* Assets.xcassets */ = {isa = PBXFileReference; lastKnownFileType = folder.assetcatalog; path = Assets.xcassets; sourceTree = "<group>"; };
		DCB2E4A11C3CF95800CA6199 /* Base */ = {isa = PBXFileReference; lastKnownFileType = file.storyboard; name = Base; path = Base.lproj/LaunchScreen.storyboard; sourceTree = "<group>"; };
		DCB2E4A31C3CF95800CA6199 /* Info.plist */ = {isa = PBXFileReference; lastKnownFileType = text.plist.xml; path = Info.plist; sourceTree = "<group>"; };
/* End PBXFileReference section */

/* Begin PBXFrameworksBuildPhase section */
		DCB2E4911C3CF95800CA6199 /* Frameworks */ = {
			isa = PBXFrameworksBuildPhase;
			buildActionMask = 2147483647;
			files = (
			);
			runOnlyForDeploymentPostprocessing = 0;
		};
/* End PBXFrameworksBuildPhase section */

/* Begin PBXGroup section */
		DCB2E48B1C3CF95800CA6199 = {
			isa = PBXGroup;
			children = (
				DCB2E4961C3CF95800CA6199 /* 连带动画UISanpBehavior-Swift */,
				DCB2E4951C3CF95800CA6199 /* Products */,
			);
			sourceTree = "<group>";
		};
		DCB2E4951C3CF95800CA6199 /* Products */ = {
			isa = PBXGroup;
			children = (
				DCB2E4941C3CF95800CA6199 /* 连带动画UISanpBehavior-Swift.app */,
			);
			name = Products;
			sourceTree = "<group>";
		};
		DCB2E4961C3CF95800CA6199 /* 连带动画UISanpBehavior-Swift */ = {
			isa = PBXGroup;
			children = (
				DCB2E4971C3CF95800CA6199 /* AppDelegate.swift */,
				DCB2E4991C3CF95800CA6199 /* ViewController.swift */,
				DCB2E49B1C3CF95800CA6199 /* Main.storyboard */,
				DCB2E49E1C3CF95800CA6199 /* Assets.xcassets */,
				DCB2E4A01C3CF95800CA6199 /* LaunchScreen.storyboard */,
				DCB2E4A31C3CF95800CA6199 /* Info.plist */,
			);
			path = "连带动画UISanpBehavior-Swift";
			sourceTree = "<group>";
		};
/* End PBXGroup section */

/* Begin PBXNativeTarget section */
		DCB2E4931C3CF95800CA6199 /* 连带动画UISanpBehavior-Swift */ = {
			isa = PBXNativeTarget;
			buildConfigurationList = DCB2E4A61C3CF95800CA6199 /* Build configuration list for PBXNativeTarget "连带动画UISanpBehavior-Swift" */;
			buildPhases = (
				DCB2E4901C3CF95800CA6199 /* Sources */,
				DCB2E4911C3CF95800CA6199 /* Frameworks */,
				DCB2E4921C3CF95800CA6199 /* Resources */,
			);
			buildRules = (
			);
			dependencies = (
			);
			name = "连带动画UISanpBehavior-Swift";
			productName = "连带动画UISanpBehavior-Swift";
			productReference = DCB2E4941C3CF95800CA6199 /* 连带动画UISanpBehavior-Swift.app */;
			productType = "com.apple.product-type.application";
		};
/* End PBXNativeTarget section */

/* Begin PBXProject section */
		DCB2E48C1C3CF95800CA6199 /* Project object */ = {
			isa = PBXProject;
			attributes = {
				LastSwiftUpdateCheck = 0720;
				LastUpgradeCheck = 0720;
				ORGANIZATIONNAME = "赵鑫";
				TargetAttributes = {
					DCB2E4931C3CF95800CA6199 = {
						CreatedOnToolsVersion = 7.2;
					};
				};
			};
			buildConfigurationList = DCB2E48F1C3CF95800CA6199 /* Build configuration list for PBXProject "连带动画UISanpBehavior-Swift" */;
			compatibilityVersion = "Xcode 3.2";
			developmentRegion = English;
			hasScannedForEncodings = 0;
			knownRegions = (
				en,
				Base,
			);
			mainGroup = DCB2E48B1C3CF95800CA6199;
			productRefGroup = DCB2E4951C3CF95800CA6199 /* Products */;
			projectDirPath = "";
			projectRoot = "";
			targets = (
				DCB2E4931C3CF95800CA6199 /* 连带动画UISanpBehavior-Swift */,
			);
		};
/* End PBXProject section */

/* Begin PBXResourcesBuildPhase section */
		DCB2E4921C3CF95800CA6199 /* Resources */ = {
			isa = PBXResourcesBuildPhase;
			buildActionMask = 2147483647;
			files = (
				DCB2E4A21C3CF95800CA6199 /* LaunchScreen.storyboard in Resources */,
				DCB2E49F1C3CF95800CA6199 /* Assets.xcassets in Resources */,
				DCB2E49D1C3CF95800CA6199 /* Main.storyboard in Resources */,
			);
			runOnlyForDeploymentPostprocessing = 0;
		};
/* End PBXResourcesBuildPhase section */

/* Begin PBXSourcesBuildPhase section */
		DCB2E4901C3CF95800CA6199 /* Sources */ = {
			isa = PBXSourcesBuildPhase;
			buildActionMask = 2147483647;
			files = (
				DCB2E49A1C3CF95800CA6199 /* ViewController.swift in Sources */,
				DCB2E4981C3CF95800CA6199 /* AppDelegate.swift in Sources */,
			);
			runOnlyForDeploymentPostprocessing = 0;
		};
/* End PBXSourcesBuildPhase section */

/* Begin PBXVariantGroup section */
		DCB2E49B1C3CF95800CA6199 /* Main.storyboard */ = {
			isa = PBXVariantGroup;
			children = (
				DCB2E49C1C3CF95800CA6199 /* Base */,
			);
			name = Main.storyboard;
			sourceTree = "<group>";
		};
		DCB2E4A01C3CF95800CA6199 /* LaunchScreen.storyboard */ = {
			isa = PBXVariantGroup;
			children = (
				DCB2E4A11C3CF95800CA6199 /* Base */,
			);
			name = LaunchScreen.storyboard;
			sourceTree = "<group>";
		};
/* End PBXVariantGroup section */

/* Begin XCBuildConfiguration section */
		DCB2E4A41C3CF95800CA6199 /* Debug */ = {
			isa = XCBuildConfiguration;
			buildSettings = {
				ALWAYS_SEARCH_USER_PATHS = NO;
				CLANG_CXX_LANGUAGE_STANDARD = "gnu++0x";
				CLANG_CXX_LIBRARY = "libc++";
				CLANG_ENABLE_MODULES = YES;
				CLANG_ENABLE_OBJC_ARC = YES;
				CLANG_WARN_BOOL_CONVERSION = YES;
				CLANG_WARN_CONSTANT_CONVERSION = YES;
				CLANG_WARN_DIRECT_OBJC_ISA_USAGE = YES_ERROR;
				CLANG_WARN_EMPTY_BODY = YES;
				CLANG_WARN_ENUM_CONVERSION = YES;
				CLANG_WARN_INT_CONVERSION = YES;
				CLANG_WARN_OBJC_ROOT_CLASS = YES_ERROR;
				CLANG_WARN_UNREACHABLE_CODE = YES;
				CLANG_WARN__DUPLICATE_METHOD_MATCH = YES;
				"CODE_SIGN_IDENTITY[sdk=iphoneos*]" = "iPhone Developer";
				COPY_PHASE_STRIP = NO;
				DEBUG_INFORMATION_FORMAT = dwarf;
				ENABLE_STRICT_OBJC_MSGSEND = YES;
				ENABLE_TESTABILITY = YES;
				GCC_C_LANGUAGE_STANDARD = gnu99;
				GCC_DYNAMIC_NO_PIC = NO;
				GCC_NO_COMMON_BLOCKS = YES;
				GCC_OPTIMIZATION_LEVEL = 0;
				GCC_PREPROCESSOR_DEFINITIONS = (
					"DEBUG=1",
					"$(inherited)",
				);
				GCC_WARN_64_TO_32_BIT_CONVERSION = YES;
				GCC_WARN_ABOUT_RETURN_TYPE = YES_ERROR;
				GCC_WARN_UNDECLARED_SELECTOR = YES;
				GCC_WARN_UNINITIALIZED_AUTOS = YES_AGGRESSIVE;
				GCC_WARN_UNUSED_FUNCTION = YES;
				GCC_WARN_UNUSED_VARIABLE = YES;
				IPHONEOS_DEPLOYMENT_TARGET = 9.2;
				MTL_ENABLE_DEBUG_INFO = YES;
				ONLY_ACTIVE_ARCH = YES;
				SDKROOT = iphoneos;
				SWIFT_OPTIMIZATION_LEVEL = "-Onone";
				TARGETED_DEVICE_FAMILY = "1,2";
			};
			name = Debug;
		};
		DCB2E4A51C3CF95800CA6199 /* Release */ = {
			isa = XCBuildConfiguration;
			buildSettings = {
				ALWAYS_SEARCH_USER_PATHS = NO;
				CLANG_CXX_LANGUAGE_STANDARD = "gnu++0x";
				CLANG_CXX_LIBRARY = "libc++";
				CLANG_ENABLE_MODULES = YES;
				CLANG_ENABLE_OBJC_ARC = YES;
				CLANG_WARN_BOOL_CONVERSION = YES;
				CLANG_WARN_CONSTANT_CONVERSION = YES;
				CLANG_WARN_DIRECT_OBJC_ISA_USAGE = YES_ERROR;
				CLANG_WARN_EMPTY_BODY = YES;
				CLANG_WARN_ENUM_CONVERSION = YES;
				CLANG_WARN_INT_CONVERSION = YES;
				CLANG_WARN_OBJC_ROOT_CLASS = YES_ERROR;
				CLANG_WARN_UNREACHABLE_CODE = YES;
				CLANG_WARN__DUPLICATE_METHOD_MATCH = YES;
				"CODE_SIGN_IDENTITY[sdk=iphoneos*]" = "iPhone Developer";
				COPY_PHASE_STRIP = NO;
				DEBUG_INFORMATION_FORMAT = "dwarf-with-dsym";
				ENABLE_NS_ASSERTIONS = NO;
				ENABLE_STRICT_OBJC_MSGSEND = YES;
				GCC_C_LANGUAGE_STANDARD = gnu99;
				GCC_NO_COMMON_BLOCKS = YES;
				GCC_WARN_64_TO_32_BIT_CONVERSION = YES;
				GCC_WARN_ABOUT_RETURN_TYPE = YES_ERROR;
				GCC_WARN_UNDECLARED_SELECTOR = YES;
				GCC_WARN_UNINITIALIZED_AUTOS = YES_AGGRESSIVE;
				GCC_WARN_UNUSED_FUNCTION = YES;
				GCC_WARN_UNUSED_VARIABLE = YES;
				IPHONEOS_DEPLOYMENT_TARGET = 9.2;
				MTL_ENABLE_DEBUG_INFO = NO;
				SDKROOT = iphoneos;
				TARGETED_DEVICE_FAMILY = "1,2";
				VALIDATE_PRODUCT = YES;
			};
			name = Release;
		};
		DCB2E4A71C3CF95800CA6199 /* Debug */ = {
			isa = XCBuildConfiguration;
			buildSettings = {
				ASSETCATALOG_COMPILER_APPICON_NAME = AppIcon;
				INFOPLIST_FILE = "连带动画UISanpBehavior-Swift/Info.plist";
				LD_RUNPATH_SEARCH_PATHS = "$(inherited) @executable_path/Frameworks";
				PRODUCT_BUNDLE_IDENTIFIER = "com.ilyzhaoxin.----UISanpBehavior-Swift";
				PRODUCT_NAME = "$(TARGET_NAME)";
			};
			name = Debug;
		};
		DCB2E4A81C3CF95800CA6199 /* Release */ = {
			isa = XCBuildConfiguration;
			buildSettings = {
				ASSETCATALOG_COMPILER_APPICON_NAME = AppIcon;
				INFOPLIST_FILE = "连带动画UISanpBehavior-Swift/Info.plist";
				LD_RUNPATH_SEARCH_PATHS = "$(inherited) @executable_path/Frameworks";
				PRODUCT_BUNDLE_IDENTIFIER = "com.ilyzhaoxin.----UISanpBehavior-Swift";
				PRODUCT_NAME = "$(TARGET_NAME)";
			};
			name = Release;
		};
/* End XCBuildConfiguration section */

/* Begin XCConfigurationList section */
		DCB2E48F1C3CF95800CA6199 /* Build configuration list for PBXProject "连带动画UISanpBehavior-Swift" */ = {
			isa = XCConfigurationList;
			buildConfigurations = (
				DCB2E4A41C3CF95800CA6199 /* Debug */,
				DCB2E4A51C3CF95800CA6199 /* Release */,
			);
			defaultConfigurationIsVisible = 0;
			defaultConfigurationName = Release;
		};
		DCB2E4A61C3CF95800CA6199 /* Build configuration list for PBXNativeTarget "连带动画UISanpBehavior-Swift" */ = {
			isa = XCConfigurationList;
			buildConfigurations = (
				DCB2E4A71C3CF95800CA6199 /* Debug */,
				DCB2E4A81C3CF95800CA6199 /* Release */,
			);
			defaultConfigurationIsVisible = 0;
		};
/* End XCConfigurationList section */
	};
	rootObject = DCB2E48C1C3CF95800CA6199 /* Project object */;
}
